{
    "name": "no-name-set",
    "lockfileVersion": 2,
    "requires": true,
    "packages": {
        "": {
            "dependencies": {
                "@dataform/core": "latest"
            }
        },
        "node_modules/@dataform/core": {
            "version": "3.0.43",
            "resolved": "https://registry.npmjs.org/@dataform/core/-/core-3.0.43.tgz",
            "integrity": "sha512-f5q2SB9qz0hjYreq0tDRtgV4ppQALh8pER6sZvGOhQ6X2O+9SNzuSyblAbK1zG9OAud+p8eC19wQEJuV46fvwQ=="
        }
    },
    "dependencies": {
        "@dataform/core": {
            "version": "3.0.43",
            "resolved": "https://registry.npmjs.org/@dataform/core/-/core-3.0.43.tgz",
            "integrity": "sha512-f5q2SB9qz0hjYreq0tDRtgV4ppQALh8pER6sZvGOhQ6X2O+9SNzuSyblAbK1zG9OAud+p8eC19wQEJuV46fvwQ=="
        }
    }
}
